// !$*UTF8*$!
{
	archiveVersion = 1;
	classes = {
	};
	objectVersion = 55;
	objects = {

/* Begin PBXBuildFile section */
		5D6AEE301A342F6D0548565F /* Pods_FlixTests.framework in Frameworks */ = {isa = PBXBuildFile; fileRef = A72A85437638992164D35026 /* Pods_FlixTests.framework */; };
		7778B64728D2DDDE00D596DE /* MoviesViewController.swift in Sources */ = {isa = PBXBuildFile; fileRef = 7778B64628D2DDDE00D596DE /* MoviesViewController.swift */; };
		7778B64928D2E95800D596DE /* MovieCell.swift in Sources */ = {isa = PBXBuildFile; fileRef = 7778B64828D2E95800D596DE /* MovieCell.swift */; };
		7778B64C28D2F26A00D596DE /* AlamofireImage in Frameworks */ = {isa = PBXBuildFile; productRef = 7778B64B28D2F26A00D596DE /* AlamofireImage */; };
		77F01D5428D2CBF900B7BD04 /* AppDelegate.swift in Sources */ = {isa = PBXBuildFile; fileRef = 77F01D5328D2CBF900B7BD04 /* AppDelegate.swift */; };
		77F01D5628D2CBF900B7BD04 /* SceneDelegate.swift in Sources */ = {isa = PBXBuildFile; fileRef = 77F01D5528D2CBF900B7BD04 /* SceneDelegate.swift */; };
		77F01D5828D2CBF900B7BD04 /* ViewController.swift in Sources */ = {isa = PBXBuildFile; fileRef = 77F01D5728D2CBF900B7BD04 /* ViewController.swift */; };
		77F01D5B28D2CBF900B7BD04 /* Main.storyboard in Resources */ = {isa = PBXBuildFile; fileRef = 77F01D5928D2CBF900B7BD04 /* Main.storyboard */; };
		77F01D5D28D2CBF900B7BD04 /* Assets.xcassets in Resources */ = {isa = PBXBuildFile; fileRef = 77F01D5C28D2CBF900B7BD04 /* Assets.xcassets */; };
		77F01D6028D2CBF900B7BD04 /* LaunchScreen.storyboard in Resources */ = {isa = PBXBuildFile; fileRef = 77F01D5E28D2CBF900B7BD04 /* LaunchScreen.storyboard */; };
		77F01D6B28D2CBF900B7BD04 /* FlixTests.swift in Sources */ = {isa = PBXBuildFile; fileRef = 77F01D6A28D2CBF900B7BD04 /* FlixTests.swift */; };
		77F01D7528D2CBF900B7BD04 /* FlixUITests.swift in Sources */ = {isa = PBXBuildFile; fileRef = 77F01D7428D2CBF900B7BD04 /* FlixUITests.swift */; };
		77F01D7728D2CBF900B7BD04 /* FlixUITestsLaunchTests.swift in Sources */ = {isa = PBXBuildFile; fileRef = 77F01D7628D2CBF900B7BD04 /* FlixUITestsLaunchTests.swift */; };
		8B0F43C6824CA1D5C8B29F60 /* Pods_Flix_FlixUITests.framework in Frameworks */ = {isa = PBXBuildFile; fileRef = 14D24F8FCE13967671ECDBC3 /* Pods_Flix_FlixUITests.framework */; };
		D3A8A395617DE578E770A1C2 /* Pods_Flix.framework in Frameworks */ = {isa = PBXBuildFile; fileRef = 6324CBA3949264897DAF0D08 /* Pods_Flix.framework */; };
/* End PBXBuildFile section */

/* Begin PBXContainerItemProxy section */
		77F01D6728D2CBF900B7BD04 /* PBXContainerItemProxy */ = {
			isa = PBXContainerItemProxy;
			containerPortal = 77F01D4828D2CBF900B7BD04 /* Project object */;
			proxyType = 1;
			remoteGlobalIDString = 77F01D4F28D2CBF900B7BD04;
			remoteInfo = Flix;
		};
		77F01D7128D2CBF900B7BD04 /* PBXContainerItemProxy */ = {
			isa = PBXContainerItemProxy;
			containerPortal = 77F01D4828D2CBF900B7BD04 /* Project object */;
			proxyType = 1;
			remoteGlobalIDString = 77F01D4F28D2CBF900B7BD04;
			remoteInfo = Flix;
		};
/* End PBXContainerItemProxy section */

/* Begin PBXFileReference section */
		0C474A95775089031799F52D /* Pods-FlixTests.release.xcconfig */ = {isa = PBXFileReference; includeInIndex = 1; lastKnownFileType = text.xcconfig; name = "Pods-FlixTests.release.xcconfig"; path = "Target Support Files/Pods-FlixTests/Pods-FlixTests.release.xcconfig"; sourceTree = "<group>"; };
		14D24F8FCE13967671ECDBC3 /* Pods_Flix_FlixUITests.framework */ = {isa = PBXFileReference; explicitFileType = wrapper.framework; includeInIndex = 0; path = Pods_Flix_FlixUITests.framework; sourceTree = BUILT_PRODUCTS_DIR; };
		261751325CBE9B9D6A61237D /* Pods-Flix-FlixUITests.release.xcconfig */ = {isa = PBXFileReference; includeInIndex = 1; lastKnownFileType = text.xcconfig; name = "Pods-Flix-FlixUITests.release.xcconfig"; path = "Target Support Files/Pods-Flix-FlixUITests/Pods-Flix-FlixUITests.release.xcconfig"; sourceTree = "<group>"; };
		2C68AF1D94A45DF6D05BE996 /* Pods-FlixTests.debug.xcconfig */ = {isa = PBXFileReference; includeInIndex = 1; lastKnownFileType = text.xcconfig; name = "Pods-FlixTests.debug.xcconfig"; path = "Target Support Files/Pods-FlixTests/Pods-FlixTests.debug.xcconfig"; sourceTree = "<group>"; };
		2F2055EDB9F7E6D4EDE04C84 /* Pods-Flix.release.xcconfig */ = {isa = PBXFileReference; includeInIndex = 1; lastKnownFileType = text.xcconfig; name = "Pods-Flix.release.xcconfig"; path = "Target Support Files/Pods-Flix/Pods-Flix.release.xcconfig"; sourceTree = "<group>"; };
		6324CBA3949264897DAF0D08 /* Pods_Flix.framework */ = {isa = PBXFileReference; explicitFileType = wrapper.framework; includeInIndex = 0; path = Pods_Flix.framework; sourceTree = BUILT_PRODUCTS_DIR; };
		6837E94E7F64E5F08DF5A29C /* Pods-Flix.debug.xcconfig */ = {isa = PBXFileReference; includeInIndex = 1; lastKnownFileType = text.xcconfig; name = "Pods-Flix.debug.xcconfig"; path = "Target Support Files/Pods-Flix/Pods-Flix.debug.xcconfig"; sourceTree = "<group>"; };
		7778B64628D2DDDE00D596DE /* MoviesViewController.swift */ = {isa = PBXFileReference; lastKnownFileType = sourcecode.swift; path = MoviesViewController.swift; sourceTree = "<group>"; };
		7778B64828D2E95800D596DE /* MovieCell.swift */ = {isa = PBXFileReference; lastKnownFileType = sourcecode.swift; path = MovieCell.swift; sourceTree = "<group>"; };
		77F01D5028D2CBF900B7BD04 /* Flix.app */ = {isa = PBXFileReference; explicitFileType = wrapper.application; includeInIndex = 0; path = Flix.app; sourceTree = BUILT_PRODUCTS_DIR; };
		77F01D5328D2CBF900B7BD04 /* AppDelegate.swift */ = {isa = PBXFileReference; lastKnownFileType = sourcecode.swift; path = AppDelegate.swift; sourceTree = "<group>"; };
		77F01D5528D2CBF900B7BD04 /* SceneDelegate.swift */ = {isa = PBXFileReference; lastKnownFileType = sourcecode.swift; path = SceneDelegate.swift; sourceTree = "<group>"; };
		77F01D5728D2CBF900B7BD04 /* ViewController.swift */ = {isa = PBXFileReference; lastKnownFileType = sourcecode.swift; path = ViewController.swift; sourceTree = "<group>"; };
		77F01D5A28D2CBF900B7BD04 /* Base */ = {isa = PBXFileReference; lastKnownFileType = file.storyboard; name = Base; path = Base.lproj/Main.storyboard; sourceTree = "<group>"; };
		77F01D5C28D2CBF900B7BD04 /* Assets.xcassets */ = {isa = PBXFileReference; lastKnownFileType = folder.assetcatalog; path = Assets.xcassets; sourceTree = "<group>"; };
		77F01D5F28D2CBF900B7BD04 /* Base */ = {isa = PBXFileReference; lastKnownFileType = file.storyboard; name = Base; path = Base.lproj/LaunchScreen.storyboard; sourceTree = "<group>"; };
		77F01D6128D2CBF900B7BD04 /* Info.plist */ = {isa = PBXFileReference; lastKnownFileType = text.plist.xml; path = Info.plist; sourceTree = "<group>"; };
		77F01D6628D2CBF900B7BD04 /* FlixTests.xctest */ = {isa = PBXFileReference; explicitFileType = wrapper.cfbundle; includeInIndex = 0; path = FlixTests.xctest; sourceTree = BUILT_PRODUCTS_DIR; };
		77F01D6A28D2CBF900B7BD04 /* FlixTests.swift */ = {isa = PBXFileReference; lastKnownFileType = sourcecode.swift; path = FlixTests.swift; sourceTree = "<group>"; };
		77F01D7028D2CBF900B7BD04 /* FlixUITests.xctest */ = {isa = PBXFileReference; explicitFileType = wrapper.cfbundle; includeInIndex = 0; path = FlixUITests.xctest; sourceTree = BUILT_PRODUCTS_DIR; };
		77F01D7428D2CBF900B7BD04 /* FlixUITests.swift */ = {isa = PBXFileReference; lastKnownFileType = sourcecode.swift; path = FlixUITests.swift; sourceTree = "<group>"; };
		77F01D7628D2CBF900B7BD04 /* FlixUITestsLaunchTests.swift */ = {isa = PBXFileReference; lastKnownFileType = sourcecode.swift; path = FlixUITestsLaunchTests.swift; sourceTree = "<group>"; };
		A72A85437638992164D35026 /* Pods_FlixTests.framework */ = {isa = PBXFileReference; explicitFileType = wrapper.framework; includeInIndex = 0; path = Pods_FlixTests.framework; sourceTree = BUILT_PRODUCTS_DIR; };
		D6E13E5B60E137FD99DDF824 /* Pods-Flix-FlixUITests.debug.xcconfig */ = {isa = PBXFileReference; includeInIndex = 1; lastKnownFileType = text.xcconfig; name = "Pods-Flix-FlixUITests.debug.xcconfig"; path = "Target Support Files/Pods-Flix-FlixUITests/Pods-Flix-FlixUITests.debug.xcconfig"; sourceTree = "<group>"; };
/* End PBXFileReference section */

/* Begin PBXFrameworksBuildPhase section */
		77F01D4D28D2CBF900B7BD04 /* Frameworks */ = {
			isa = PBXFrameworksBuildPhase;
			buildActionMask = 2147483647;
			files = (
				7778B64C28D2F26A00D596DE /* AlamofireImage in Frameworks */,
				D3A8A395617DE578E770A1C2 /* Pods_Flix.framework in Frameworks */,
			);
			runOnlyForDeploymentPostprocessing = 0;
		};
		77F01D6328D2CBF900B7BD04 /* Frameworks */ = {
			isa = PBXFrameworksBuildPhase;
			buildActionMask = 2147483647;
			files = (
				5D6AEE301A342F6D0548565F /* Pods_FlixTests.framework in Frameworks */,
			);
			runOnlyForDeploymentPostprocessing = 0;
		};
		77F01D6D28D2CBF900B7BD04 /* Frameworks */ = {
			isa = PBXFrameworksBuildPhase;
			buildActionMask = 2147483647;
			files = (
				8B0F43C6824CA1D5C8B29F60 /* Pods_Flix_FlixUITests.framework in Frameworks */,
			);
			runOnlyForDeploymentPostprocessing = 0;
		};
/* End PBXFrameworksBuildPhase section */

/* Begin PBXGroup section */
		77F01D4728D2CBF900B7BD04 = {
			isa = PBXGroup;
			children = (
				77F01D5228D2CBF900B7BD04 /* Flix */,
				77F01D6928D2CBF900B7BD04 /* FlixTests */,
				77F01D7328D2CBF900B7BD04 /* FlixUITests */,
				77F01D5128D2CBF900B7BD04 /* Products */,
				9D641346170F7B258354618D /* Pods */,
				D8B637FAFEFD8275EFF871AC /* Frameworks */,
			);
			sourceTree = "<group>";
		};
		77F01D5128D2CBF900B7BD04 /* Products */ = {
			isa = PBXGroup;
			children = (
				77F01D5028D2CBF900B7BD04 /* Flix.app */,
				77F01D6628D2CBF900B7BD04 /* FlixTests.xctest */,
				77F01D7028D2CBF900B7BD04 /* FlixUITests.xctest */,
			);
			name = Products;
			sourceTree = "<group>";
		};
		77F01D5228D2CBF900B7BD04 /* Flix */ = {
			isa = PBXGroup;
			children = (
				77F01D5328D2CBF900B7BD04 /* AppDelegate.swift */,
				77F01D5528D2CBF900B7BD04 /* SceneDelegate.swift */,
				77F01D5728D2CBF900B7BD04 /* ViewController.swift */,
				77F01D5928D2CBF900B7BD04 /* Main.storyboard */,
				77F01D5C28D2CBF900B7BD04 /* Assets.xcassets */,
				77F01D5E28D2CBF900B7BD04 /* LaunchScreen.storyboard */,
				77F01D6128D2CBF900B7BD04 /* Info.plist */,
				7778B64628D2DDDE00D596DE /* MoviesViewController.swift */,
				7778B64828D2E95800D596DE /* MovieCell.swift */,
			);
			path = Flix;
			sourceTree = "<group>";
		};
		77F01D6928D2CBF900B7BD04 /* FlixTests */ = {
			isa = PBXGroup;
			children = (
				77F01D6A28D2CBF900B7BD04 /* FlixTests.swift */,
			);
			path = FlixTests;
			sourceTree = "<group>";
		};
		77F01D7328D2CBF900B7BD04 /* FlixUITests */ = {
			isa = PBXGroup;
			children = (
				77F01D7428D2CBF900B7BD04 /* FlixUITests.swift */,
				77F01D7628D2CBF900B7BD04 /* FlixUITestsLaunchTests.swift */,
			);
			path = FlixUITests;
			sourceTree = "<group>";
		};
		9D641346170F7B258354618D /* Pods */ = {
			isa = PBXGroup;
			children = (
				6837E94E7F64E5F08DF5A29C /* Pods-Flix.debug.xcconfig */,
				2F2055EDB9F7E6D4EDE04C84 /* Pods-Flix.release.xcconfig */,
				D6E13E5B60E137FD99DDF824 /* Pods-Flix-FlixUITests.debug.xcconfig */,
				261751325CBE9B9D6A61237D /* Pods-Flix-FlixUITests.release.xcconfig */,
				2C68AF1D94A45DF6D05BE996 /* Pods-FlixTests.debug.xcconfig */,
				0C474A95775089031799F52D /* Pods-FlixTests.release.xcconfig */,
			);
			name = Pods;
			path = Pods;
			sourceTree = "<group>";
		};
		D8B637FAFEFD8275EFF871AC /* Frameworks */ = {
			isa = PBXGroup;
			children = (
				6324CBA3949264897DAF0D08 /* Pods_Flix.framework */,
				14D24F8FCE13967671ECDBC3 /* Pods_Flix_FlixUITests.framework */,
				A72A85437638992164D35026 /* Pods_FlixTests.framework */,
			);
			name = Frameworks;
			sourceTree = "<group>";
		};
/* End PBXGroup section */

/* Begin PBXNativeTarget section */
		77F01D4F28D2CBF900B7BD04 /* Flix */ = {
			isa = PBXNativeTarget;
			buildConfigurationList = 77F01D7A28D2CBF900B7BD04 /* Build configuration list for PBXNativeTarget "Flix" */;
			buildPhases = (
				DE02EEAFFB58AB96B9D556DC /* [CP] Check Pods Manifest.lock */,
				77F01D4C28D2CBF900B7BD04 /* Sources */,
				77F01D4D28D2CBF900B7BD04 /* Frameworks */,
				77F01D4E28D2CBF900B7BD04 /* Resources */,
				DCC8901C582FEB7914F9E211 /* [CP] Embed Pods Frameworks */,
			);
			buildRules = (
			);
			dependencies = (
			);
			name = Flix;
			packageProductDependencies = (
				7778B64B28D2F26A00D596DE /* AlamofireImage */,
			);
			productName = Flix;
			productReference = 77F01D5028D2CBF900B7BD04 /* Flix.app */;
			productType = "com.apple.product-type.application";
		};
		77F01D6528D2CBF900B7BD04 /* FlixTests */ = {
			isa = PBXNativeTarget;
			buildConfigurationList = 77F01D7D28D2CBF900B7BD04 /* Build configuration list for PBXNativeTarget "FlixTests" */;
			buildPhases = (
				0090B0B4F71436FFFE62B006 /* [CP] Check Pods Manifest.lock */,
				77F01D6228D2CBF900B7BD04 /* Sources */,
				77F01D6328D2CBF900B7BD04 /* Frameworks */,
				77F01D6428D2CBF900B7BD04 /* Resources */,
			);
			buildRules = (
			);
			dependencies = (
				77F01D6828D2CBF900B7BD04 /* PBXTargetDependency */,
			);
			name = FlixTests;
			productName = FlixTests;
			productReference = 77F01D6628D2CBF900B7BD04 /* FlixTests.xctest */;
			productType = "com.apple.product-type.bundle.unit-test";
		};
		77F01D6F28D2CBF900B7BD04 /* FlixUITests */ = {
			isa = PBXNativeTarget;
			buildConfigurationList = 77F01D8028D2CBF900B7BD04 /* Build configuration list for PBXNativeTarget "FlixUITests" */;
			buildPhases = (
				866B439825451AE9372B73CA /* [CP] Check Pods Manifest.lock */,
				77F01D6C28D2CBF900B7BD04 /* Sources */,
				77F01D6D28D2CBF900B7BD04 /* Frameworks */,
				77F01D6E28D2CBF900B7BD04 /* Resources */,
				0EC9DB4DE6EF36C2046D9182 /* [CP] Embed Pods Frameworks */,
			);
			buildRules = (
			);
			dependencies = (
				77F01D7228D2CBF900B7BD04 /* PBXTargetDependency */,
			);
			name = FlixUITests;
			productName = FlixUITests;
			productReference = 77F01D7028D2CBF900B7BD04 /* FlixUITests.xctest */;
			productType = "com.apple.product-type.bundle.ui-testing";
		};
/* End PBXNativeTarget section */

/* Begin PBXProject section */
		77F01D4828D2CBF900B7BD04 /* Project object */ = {
			isa = PBXProject;
			attributes = {
				BuildIndependentTargetsInParallel = 1;
				LastSwiftUpdateCheck = 1340;
				LastUpgradeCheck = 1340;
				TargetAttributes = {
					77F01D4F28D2CBF900B7BD04 = {
						CreatedOnToolsVersion = 13.4.1;
					};
					77F01D6528D2CBF900B7BD04 = {
						CreatedOnToolsVersion = 13.4.1;
						TestTargetID = 77F01D4F28D2CBF900B7BD04;
					};
					77F01D6F28D2CBF900B7BD04 = {
						CreatedOnToolsVersion = 13.4.1;
						TestTargetID = 77F01D4F28D2CBF900B7BD04;
					};
				};
			};
			buildConfigurationList = 77F01D4B28D2CBF900B7BD04 /* Build configuration list for PBXProject "Flix" */;
			compatibilityVersion = "Xcode 13.0";
			developmentRegion = en;
			hasScannedForEncodings = 0;
			knownRegions = (
				en,
				Base,
			);
			mainGroup = 77F01D4728D2CBF900B7BD04;
			packageReferences = (
				7778B64A28D2F26A00D596DE /* XCRemoteSwiftPackageReference "AlamofireImage" */,
			);
			productRefGroup = 77F01D5128D2CBF900B7BD04 /* Products */;
			projectDirPath = "";
			projectRoot = "";
			targets = (
				77F01D4F28D2CBF900B7BD04 /* Flix */,
				77F01D6528D2CBF900B7BD04 /* FlixTests */,
				77F01D6F28D2CBF900B7BD04 /* FlixUITests */,
			);
		};
/* End PBXProject section */

/* Begin PBXResourcesBuildPhase section */
		77F01D4E28D2CBF900B7BD04 /* Resources */ = {
			isa = PBXResourcesBuildPhase;
			buildActionMask = 2147483647;
			files = (
				77F01D6028D2CBF900B7BD04 /* LaunchScreen.storyboard in Resources */,
				77F01D5D28D2CBF900B7BD04 /* Assets.xcassets in Resources */,
				77F01D5B28D2CBF900B7BD04 /* Main.storyboard in Resources */,
			);
			runOnlyForDeploymentPostprocessing = 0;
		};
		77F01D6428D2CBF900B7BD04 /* Resources */ = {
			isa = PBXResourcesBuildPhase;
			buildActionMask = 2147483647;
			files = (
			);
			runOnlyForDeploymentPostprocessing = 0;
		};
		77F01D6E28D2CBF900B7BD04 /* Resources */ = {
			isa = PBXResourcesBuildPhase;
			buildActionMask = 2147483647;
			files = (
			);
			runOnlyForDeploymentPostprocessing = 0;
		};
/* End PBXResourcesBuildPhase section */

/* Begin PBXShellScriptBuildPhase section */
		0090B0B4F71436FFFE62B006 /* [CP] Check Pods Manifest.lock */ = {
			isa = PBXShellScriptBuildPhase;
			buildActionMask = 2147483647;
			files = (
			);
			inputFileListPaths = (
			);
			inputPaths = (
				"${PODS_PODFILE_DIR_PATH}/Podfile.lock",
				"${PODS_ROOT}/Manifest.lock",
			);
			name = "[CP] Check Pods Manifest.lock";
			outputFileListPaths = (
			);
			outputPaths = (
				"$(DERIVED_FILE_DIR)/Pods-FlixTests-checkManifestLockResult.txt",
			);
			runOnlyForDeploymentPostprocessing = 0;
			shellPath = /bin/sh;
			shellScript = "diff \"${PODS_PODFILE_DIR_PATH}/Podfile.lock\" \"${PODS_ROOT}/Manifest.lock\" > /dev/null\nif [ $? != 0 ] ; then\n    # print error to STDERR\n    echo \"error: The sandbox is not in sync with the Podfile.lock. Run 'pod install' or update your CocoaPods installation.\" >&2\n    exit 1\nfi\n# This output is used by Xcode 'outputs' to avoid re-running this script phase.\necho \"SUCCESS\" > \"${SCRIPT_OUTPUT_FILE_0}\"\n";
			showEnvVarsInLog = 0;
		};
		0EC9DB4DE6EF36C2046D9182 /* [CP] Embed Pods Frameworks */ = {
			isa = PBXShellScriptBuildPhase;
			buildActionMask = 2147483647;
			files = (
			);
			inputFileListPaths = (
				"${PODS_ROOT}/Target Support Files/Pods-Flix-FlixUITests/Pods-Flix-FlixUITests-frameworks-${CONFIGURATION}-input-files.xcfilelist",
			);
			name = "[CP] Embed Pods Frameworks";
			outputFileListPaths = (
				"${PODS_ROOT}/Target Support Files/Pods-Flix-FlixUITests/Pods-Flix-FlixUITests-frameworks-${CONFIGURATION}-output-files.xcfilelist",
			);
			runOnlyForDeploymentPostprocessing = 0;
			shellPath = /bin/sh;
			shellScript = "\"${PODS_ROOT}/Target Support Files/Pods-Flix-FlixUITests/Pods-Flix-FlixUITests-frameworks.sh\"\n";
			showEnvVarsInLog = 0;
		};
		866B439825451AE9372B73CA /* [CP] Check Pods Manifest.lock */ = {
			isa = PBXShellScriptBuildPhase;
			buildActionMask = 2147483647;
			files = (
			);
			inputFileListPaths = (
			);
			inputPaths = (
				"${PODS_PODFILE_DIR_PATH}/Podfile.lock",
				"${PODS_ROOT}/Manifest.lock",
			);
			name = "[CP] Check Pods Manifest.lock";
			outputFileListPaths = (
			);
			outputPaths = (
				"$(DERIVED_FILE_DIR)/Pods-Flix-FlixUITests-checkManifestLockResult.txt",
			);
			runOnlyForDeploymentPostprocessing = 0;
			shellPath = /bin/sh;
			shellScript = "diff \"${PODS_PODFILE_DIR_PATH}/Podfile.lock\" \"${PODS_ROOT}/Manifest.lock\" > /dev/null\nif [ $? != 0 ] ; then\n    # print error to STDERR\n    echo \"error: The sandbox is not in sync with the Podfile.lock. Run 'pod install' or update your CocoaPods installation.\" >&2\n    exit 1\nfi\n# This output is used by Xcode 'outputs' to avoid re-running this script phase.\necho \"SUCCESS\" > \"${SCRIPT_OUTPUT_FILE_0}\"\n";
			showEnvVarsInLog = 0;
		};
		DCC8901C582FEB7914F9E211 /* [CP] Embed Pods Frameworks */ = {
			isa = PBXShellScriptBuildPhase;
			buildActionMask = 2147483647;
			files = (
			);
			inputFileListPaths = (
				"${PODS_ROOT}/Target Support Files/Pods-Flix/Pods-Flix-frameworks-${CONFIGURATION}-input-files.xcfilelist",
			);
			name = "[CP] Embed Pods Frameworks";
			outputFileListPaths = (
				"${PODS_ROOT}/Target Support Files/Pods-Flix/Pods-Flix-frameworks-${CONFIGURATION}-output-files.xcfilelist",
			);
			runOnlyForDeploymentPostprocessing = 0;
			shellPath = /bin/sh;
			shellScript = "\"${PODS_ROOT}/Target Support Files/Pods-Flix/Pods-Flix-frameworks.sh\"\n";
			showEnvVarsInLog = 0;
		};
		DE02EEAFFB58AB96B9D556DC /* [CP] Check Pods Manifest.lock */ = {
			isa = PBXShellScriptBuildPhase;
			buildActionMask = 2147483647;
			files = (
			);
			inputFileListPaths = (
			);
			inputPaths = (
				"${PODS_PODFILE_DIR_PATH}/Podfile.lock",
				"${PODS_ROOT}/Manifest.lock",
			);
			name = "[CP] Check Pods Manifest.lock";
			outputFileListPaths = (
			);
			outputPaths = (
				"$(DERIVED_FILE_DIR)/Pods-Flix-checkManifestLockResult.txt",
			);
			runOnlyForDeploymentPostprocessing = 0;
			shellPath = /bin/sh;
			shellScript = "diff \"${PODS_PODFILE_DIR_PATH}/Podfile.lock\" \"${PODS_ROOT}/Manifest.lock\" > /dev/null\nif [ $? != 0 ] ; then\n    # print error to STDERR\n    echo \"error: The sandbox is not in sync with the Podfile.lock. Run 'pod install' or update your CocoaPods installation.\" >&2\n    exit 1\nfi\n# This output is used by Xcode 'outputs' to avoid re-running this script phase.\necho \"SUCCESS\" > \"${SCRIPT_OUTPUT_FILE_0}\"\n";
			showEnvVarsInLog = 0;
		};
/* End PBXShellScriptBuildPhase section */

/* Begin PBXSourcesBuildPhase section */
		77F01D4C28D2CBF900B7BD04 /* Sources */ = {
			isa = PBXSourcesBuildPhase;
			buildActionMask = 2147483647;
			files = (
				77F01D5828D2CBF900B7BD04 /* ViewController.swift in Sources */,
				77F01D5428D2CBF900B7BD04 /* AppDelegate.swift in Sources */,
				77F01D5628D2CBF900B7BD04 /* SceneDelegate.swift in Sources */,
				7778B64928D2E95800D596DE /* MovieCell.swift in Sources */,
				7778B64728D2DDDE00D596DE /* MoviesViewController.swift in Sources */,
			);
			runOnlyForDeploymentPostprocessing = 0;
		};
		77F01D6228D2CBF900B7BD04 /* Sources */ = {
			isa = PBXSourcesBuildPhase;
			buildActionMask = 2147483647;
			files = (
				77F01D6B28D2CBF900B7BD04 /* FlixTests.swift in Sources */,
			);
			runOnlyForDeploymentPostprocessing = 0;
		};
		77F01D6C28D2CBF900B7BD04 /* Sources */ = {
			isa = PBXSourcesBuildPhase;
			buildActionMask = 2147483647;
			files = (
				77F01D7528D2CBF900B7BD04 /* FlixUITests.swift in Sources */,
				77F01D7728D2CBF900B7BD04 /* FlixUITestsLaunchTests.swift in Sources */,
			);
			runOnlyForDeploymentPostprocessing = 0;
		};
/* End PBXSourcesBuildPhase section */

/* Begin PBXTargetDependency section */
		77F01D6828D2CBF900B7BD04 /* PBXTargetDependency */ = {
			isa = PBXTargetDependency;
			target = 77F01D4F28D2CBF900B7BD04 /* Flix */;
			targetProxy = 77F01D6728D2CBF900B7BD04 /* PBXContainerItemProxy */;
		};
		77F01D7228D2CBF900B7BD04 /* PBXTargetDependency */ = {
			isa = PBXTargetDependency;
			target = 77F01D4F28D2CBF900B7BD04 /* Flix */;
			targetProxy = 77F01D7128D2CBF900B7BD04 /* PBXContainerItemProxy */;
		};
/* End PBXTargetDependency section */

/* Begin PBXVariantGroup section */
		77F01D5928D2CBF900B7BD04 /* Main.storyboard */ = {
			isa = PBXVariantGroup;
			children = (
				77F01D5A28D2CBF900B7BD04 /* Base */,
			);
			name = Main.storyboard;
			sourceTree = "<group>";
		};
		77F01D5E28D2CBF900B7BD04 /* LaunchScreen.storyboard */ = {
			isa = PBXVariantGroup;
			children = (
				77F01D5F28D2CBF900B7BD04 /* Base */,
			);
			name = LaunchScreen.storyboard;
			sourceTree = "<group>";
		};
/* End PBXVariantGroup section */

/* Begin XCBuildConfiguration section */
		77F01D7828D2CBF900B7BD04 /* Debug */ = {
			isa = XCBuildConfiguration;
			buildSettings = {
				ALWAYS_SEARCH_USER_PATHS = NO;
				CLANG_ANALYZER_NONNULL = YES;
				CLANG_ANALYZER_NUMBER_OBJECT_CONVERSION = YES_AGGRESSIVE;
				CLANG_CXX_LANGUAGE_STANDARD = "gnu++17";
				CLANG_ENABLE_MODULES = YES;
				CLANG_ENABLE_OBJC_ARC = YES;
				CLANG_ENABLE_OBJC_WEAK = YES;
				CLANG_WARN_BLOCK_CAPTURE_AUTORELEASING = YES;
				CLANG_WARN_BOOL_CONVERSION = YES;
				CLANG_WARN_COMMA = YES;
				CLANG_WARN_CONSTANT_CONVERSION = YES;
				CLANG_WARN_DEPRECATED_OBJC_IMPLEMENTATIONS = YES;
				CLANG_WARN_DIRECT_OBJC_ISA_USAGE = YES_ERROR;
				CLANG_WARN_DOCUMENTATION_COMMENTS = YES;
				CLANG_WARN_EMPTY_BODY = YES;
				CLANG_WARN_ENUM_CONVERSION = YES;
				CLANG_WARN_INFINITE_RECURSION = YES;
				CLANG_WARN_INT_CONVERSION = YES;
				CLANG_WARN_NON_LITERAL_NULL_CONVERSION = YES;
				CLANG_WARN_OBJC_IMPLICIT_RETAIN_SELF = YES;
				CLANG_WARN_OBJC_LITERAL_CONVERSION = YES;
				CLANG_WARN_OBJC_ROOT_CLASS = YES_ERROR;
				CLANG_WARN_QUOTED_INCLUDE_IN_FRAMEWORK_HEADER = YES;
				CLANG_WARN_RANGE_LOOP_ANALYSIS = YES;
				CLANG_WARN_STRICT_PROTOTYPES = YES;
				CLANG_WARN_SUSPICIOUS_MOVE = YES;
				CLANG_WARN_UNGUARDED_AVAILABILITY = YES_AGGRESSIVE;
				CLANG_WARN_UNREACHABLE_CODE = YES;
				CLANG_WARN__DUPLICATE_METHOD_MATCH = YES;
				COPY_PHASE_STRIP = NO;
				DEBUG_INFORMATION_FORMAT = dwarf;
				ENABLE_STRICT_OBJC_MSGSEND = YES;
				ENABLE_TESTABILITY = YES;
				GCC_C_LANGUAGE_STANDARD = gnu11;
				GCC_DYNAMIC_NO_PIC = NO;
				GCC_NO_COMMON_BLOCKS = YES;
				GCC_OPTIMIZATION_LEVEL = 0;
				GCC_PREPROCESSOR_DEFINITIONS = (
					"DEBUG=1",
					"$(inherited)",
				);
				GCC_WARN_64_TO_32_BIT_CONVERSION = YES;
				GCC_WARN_ABOUT_RETURN_TYPE = YES_ERROR;
				GCC_WARN_UNDECLARED_SELECTOR = YES;
				GCC_WARN_UNINITIALIZED_AUTOS = YES_AGGRESSIVE;
				GCC_WARN_UNUSED_FUNCTION = YES;
				GCC_WARN_UNUSED_VARIABLE = YES;
				IPHONEOS_DEPLOYMENT_TARGET = 15.5;
				MTL_ENABLE_DEBUG_INFO = INCLUDE_SOURCE;
				MTL_FAST_MATH = YES;
				ONLY_ACTIVE_ARCH = YES;
				SDKROOT = iphoneos;
				SWIFT_ACTIVE_COMPILATION_CONDITIONS = DEBUG;
				SWIFT_OPTIMIZATION_LEVEL = "-Onone";
			};
			name = Debug;
		};
		77F01D7928D2CBF900B7BD04 /* Release */ = {
			isa = XCBuildConfiguration;
			buildSettings = {
				ALWAYS_SEARCH_USER_PATHS = NO;
				CLANG_ANALYZER_NONNULL = YES;
				CLANG_ANALYZER_NUMBER_OBJECT_CONVERSION = YES_AGGRESSIVE;
				CLANG_CXX_LANGUAGE_STANDARD = "gnu++17";
				CLANG_ENABLE_MODULES = YES;
				CLANG_ENABLE_OBJC_ARC = YES;
				CLANG_ENABLE_OBJC_WEAK = YES;
				CLANG_WARN_BLOCK_CAPTURE_AUTORELEASING = YES;
				CLANG_WARN_BOOL_CONVERSION = YES;
				CLANG_WARN_COMMA = YES;
				CLANG_WARN_CONSTANT_CONVERSION = YES;
				CLANG_WARN_DEPRECATED_OBJC_IMPLEMENTATIONS = YES;
				CLANG_WARN_DIRECT_OBJC_ISA_USAGE = YES_ERROR;
				CLANG_WARN_DOCUMENTATION_COMMENTS = YES;
				CLANG_WARN_EMPTY_BODY = YES;
				CLANG_WARN_ENUM_CONVERSION = YES;
				CLANG_WARN_INFINITE_RECURSION = YES;
				CLANG_WARN_INT_CONVERSION = YES;
				CLANG_WARN_NON_LITERAL_NULL_CONVERSION = YES;
				CLANG_WARN_OBJC_IMPLICIT_RETAIN_SELF = YES;
				CLANG_WARN_OBJC_LITERAL_CONVERSION = YES;
				CLANG_WARN_OBJC_ROOT_CLASS = YES_ERROR;
				CLANG_WARN_QUOTED_INCLUDE_IN_FRAMEWORK_HEADER = YES;
				CLANG_WARN_RANGE_LOOP_ANALYSIS = YES;
				CLANG_WARN_STRICT_PROTOTYPES = YES;
				CLANG_WARN_SUSPICIOUS_MOVE = YES;
				CLANG_WARN_UNGUARDED_AVAILABILITY = YES_AGGRESSIVE;
				CLANG_WARN_UNREACHABLE_CODE = YES;
				CLANG_WARN__DUPLICATE_METHOD_MATCH = YES;
				COPY_PHASE_STRIP = NO;
				DEBUG_INFORMATION_FORMAT = "dwarf-with-dsym";
				ENABLE_NS_ASSERTIONS = NO;
				ENABLE_STRICT_OBJC_MSGSEND = YES;
				GCC_C_LANGUAGE_STANDARD = gnu11;
				GCC_NO_COMMON_BLOCKS = YES;
				GCC_WARN_64_TO_32_BIT_CONVERSION = YES;
				GCC_WARN_ABOUT_RETURN_TYPE = YES_ERROR;
				GCC_WARN_UNDECLARED_SELECTOR = YES;
				GCC_WARN_UNINITIALIZED_AUTOS = YES_AGGRESSIVE;
				GCC_WARN_UNUSED_FUNCTION = YES;
				GCC_WARN_UNUSED_VARIABLE = YES;
				IPHONEOS_DEPLOYMENT_TARGET = 15.5;
				MTL_ENABLE_DEBUG_INFO = NO;
				MTL_FAST_MATH = YES;
				SDKROOT = iphoneos;
				SWIFT_COMPILATION_MODE = wholemodule;
				SWIFT_OPTIMIZATION_LEVEL = "-O";
				VALIDATE_PRODUCT = YES;
			};
			name = Release;
		};
		77F01D7B28D2CBF900B7BD04 /* Debug */ = {
			isa = XCBuildConfiguration;
			baseConfigurationReference = 6837E94E7F64E5F08DF5A29C /* Pods-Flix.debug.xcconfig */;
			buildSettings = {
				ASSETCATALOG_COMPILER_APPICON_NAME = AppIcon;
				ASSETCATALOG_COMPILER_GLOBAL_ACCENT_COLOR_NAME = AccentColor;
				CODE_SIGN_STYLE = Automatic;
				CURRENT_PROJECT_VERSION = 1;
				DEVELOPMENT_TEAM = TALB7XK4KM;
				GENERATE_INFOPLIST_FILE = YES;
				INFOPLIST_FILE = Flix/Info.plist;
				INFOPLIST_KEY_UIApplicationSupportsIndirectInputEvents = YES;
				INFOPLIST_KEY_UILaunchStoryboardName = LaunchScreen;
				INFOPLIST_KEY_UIMainStoryboardFile = Main;
				INFOPLIST_KEY_UISupportedInterfaceOrientations_iPad = "UIInterfaceOrientationPortrait UIInterfaceOrientationPortraitUpsideDown UIInterfaceOrientationLandscapeLeft UIInterfaceOrientationLandscapeRight";
				INFOPLIST_KEY_UISupportedInterfaceOrientations_iPhone = "UIInterfaceOrientationPortrait UIInterfaceOrientationLandscapeLeft UIInterfaceOrientationLandscapeRight";
				LD_RUNPATH_SEARCH_PATHS = (
					"$(inherited)",
					"@executable_path/Frameworks",
				);
				MARKETING_VERSION = 1.0;
				PRODUCT_BUNDLE_IDENTIFIER = com.elainertl.Flix;
				PRODUCT_NAME = "$(TARGET_NAME)";
				SWIFT_EMIT_LOC_STRINGS = YES;
				SWIFT_VERSION = 5.0;
				TARGETED_DEVICE_FAMILY = "1,2";
			};
			name = Debug;
		};
		77F01D7C28D2CBF900B7BD04 /* Release */ = {
			isa = XCBuildConfiguration;
			baseConfigurationReference = 2F2055EDB9F7E6D4EDE04C84 /* Pods-Flix.release.xcconfig */;
			buildSettings = {
				ASSETCATALOG_COMPILER_APPICON_NAME = AppIcon;
				ASSETCATALOG_COMPILER_GLOBAL_ACCENT_COLOR_NAME = AccentColor;
				CODE_SIGN_STYLE = Automatic;
				CURRENT_PROJECT_VERSION = 1;
				DEVELOPMENT_TEAM = TALB7XK4KM;
				GENERATE_INFOPLIST_FILE = YES;
				INFOPLIST_FILE = Flix/Info.plist;
				INFOPLIST_KEY_UIApplicationSupportsIndirectInputEvents = YES;
				INFOPLIST_KEY_UILaunchStoryboardName = LaunchScreen;
				INFOPLIST_KEY_UIMainStoryboardFile = Main;
				INFOPLIST_KEY_UISupportedInterfaceOrientations_iPad = "UIInterfaceOrientationPortrait UIInterfaceOrientationPortraitUpsideDown UIInterfaceOrientationLandscapeLeft UIInterfaceOrientationLandscapeRight";
				INFOPLIST_KEY_UISupportedInterfaceOrientations_iPhone = "UIInterfaceOrientationPortrait UIInterfaceOrientationLandscapeLeft UIInterfaceOrientationLandscapeRight";
				LD_RUNPATH_SEARCH_PATHS = (
					"$(inherited)",
					"@executable_path/Frameworks",
				);
				MARKETING_VERSION = 1.0;
				PRODUCT_BUNDLE_IDENTIFIER = com.elainertl.Flix;
				PRODUCT_NAME = "$(TARGET_NAME)";
				SWIFT_EMIT_LOC_STRINGS = YES;
				SWIFT_VERSION = 5.0;
				TARGETED_DEVICE_FAMILY = "1,2";
			};
			name = Release;
		};
		77F01D7E28D2CBF900B7BD04 /* Debug */ = {
			isa = XCBuildConfiguration;
			baseConfigurationReference = 2C68AF1D94A45DF6D05BE996 /* Pods-FlixTests.debug.xcconfig */;
			buildSettings = {
				ALWAYS_EMBED_SWIFT_STANDARD_LIBRARIES = YES;
				BUNDLE_LOADER = "$(TEST_HOST)";
				CODE_SIGN_STYLE = Automatic;
				CURRENT_PROJECT_VERSION = 1;
				DEVELOPMENT_TEAM = TALB7XK4KM;
				GENERATE_INFOPLIST_FILE = YES;
				IPHONEOS_DEPLOYMENT_TARGET = 15.5;
				MARKETING_VERSION = 1.0;
				PRODUCT_BUNDLE_IDENTIFIER = com.elainertl.FlixTests;
				PRODUCT_NAME = "$(TARGET_NAME)";
				SWIFT_EMIT_LOC_STRINGS = NO;
				SWIFT_VERSION = 5.0;
				TARGETED_DEVICE_FAMILY = "1,2";
				TEST_HOST = "$(BUILT_PRODUCTS_DIR)/Flix.app/Flix";
			};
			name = Debug;
		};
		77F01D7F28D2CBF900B7BD04 /* Release */ = {
			isa = XCBuildConfiguration;
			baseConfigurationReference = 0C474A95775089031799F52D /* Pods-FlixTests.release.xcconfig */;
			buildSettings = {
				ALWAYS_EMBED_SWIFT_STANDARD_LIBRARIES = YES;
				BUNDLE_LOADER = "$(TEST_HOST)";
				CODE_SIGN_STYLE = Automatic;
				CURRENT_PROJECT_VERSION = 1;
				DEVELOPMENT_TEAM = TALB7XK4KM;
				GENERATE_INFOPLIST_FILE = YES;
				IPHONEOS_DEPLOYMENT_TARGET = 15.5;
				MARKETING_VERSION = 1.0;
				PRODUCT_BUNDLE_IDENTIFIER = com.elainertl.FlixTests;
				PRODUCT_NAME = "$(TARGET_NAME)";
				SWIFT_EMIT_LOC_STRINGS = NO;
				SWIFT_VERSION = 5.0;
				TARGETED_DEVICE_FAMILY = "1,2";
				TEST_HOST = "$(BUILT_PRODUCTS_DIR)/Flix.app/Flix";
			};
			name = Release;
		};
		77F01D8128D2CBF900B7BD04 /* Debug */ = {
			isa = XCBuildConfiguration;
			baseConfigurationReference = D6E13E5B60E137FD99DDF824 /* Pods-Flix-FlixUITests.debug.xcconfig */;
			buildSettings = {
				ALWAYS_EMBED_SWIFT_STANDARD_LIBRARIES = YES;
				CODE_SIGN_STYLE = Automatic;
				CURRENT_PROJECT_VERSION = 1;
				DEVELOPMENT_TEAM = TALB7XK4KM;
				GENERATE_INFOPLIST_FILE = YES;
				MARKETING_VERSION = 1.0;
				PRODUCT_BUNDLE_IDENTIFIER = com.elainertl.FlixUITests;
				PRODUCT_NAME = "$(TARGET_NAME)";
				SWIFT_EMIT_LOC_STRINGS = NO;
				SWIFT_VERSION = 5.0;
				TARGETED_DEVICE_FAMILY = "1,2";
				TEST_TARGET_NAME = Flix;
			};
			name = Debug;
		};
		77F01D8228D2CBF900B7BD04 /* Release */ = {
			isa = XCBuildConfiguration;
			baseConfigurationReference = 261751325CBE9B9D6A61237D /* Pods-Flix-FlixUITests.release.xcconfig */;
			buildSettings = {
				ALWAYS_EMBED_SWIFT_STANDARD_LIBRARIES = YES;
				CODE_SIGN_STYLE = Automatic;
				CURRENT_PROJECT_VERSION = 1;
				DEVELOPMENT_TEAM = TALB7XK4KM;
				GENERATE_INFOPLIST_FILE = YES;
				MARKETING_VERSION = 1.0;
				PRODUCT_BUNDLE_IDENTIFIER = com.elainertl.FlixUITests;
				PRODUCT_NAME = "$(TARGET_NAME)";
				SWIFT_EMIT_LOC_STRINGS = NO;
				SWIFT_VERSION = 5.0;
				TARGETED_DEVICE_FAMILY = "1,2";
				TEST_TARGET_NAME = Flix;
			};
			name = Release;
		};
/* End XCBuildConfiguration section */

/* Begin XCConfigurationList section */
		77F01D4B28D2CBF900B7BD04 /* Build configuration list for PBXProject "Flix" */ = {
			isa = XCConfigurationList;
			buildConfigurations = (
				77F01D7828D2CBF900B7BD04 /* Debug */,
				77F01D7928D2CBF900B7BD04 /* Release */,
			);
			defaultConfigurationIsVisible = 0;
			defaultConfigurationName = Release;
		};
		77F01D7A28D2CBF900B7BD04 /* Build configuration list for PBXNativeTarget "Flix" */ = {
			isa = XCConfigurationList;
			buildConfigurations = (
				77F01D7B28D2CBF900B7BD04 /* Debug */,
				77F01D7C28D2CBF900B7BD04 /* Release */,
			);
			defaultConfigurationIsVisible = 0;
			defaultConfigurationName = Release;
		};
		77F01D7D28D2CBF900B7BD04 /* Build configuration list for PBXNativeTarget "FlixTests" */ = {
			isa = XCConfigurationList;
			buildConfigurations = (
				77F01D7E28D2CBF900B7BD04 /* Debug */,
				77F01D7F28D2CBF900B7BD04 /* Release */,
			);
			defaultConfigurationIsVisible = 0;
			defaultConfigurationName = Release;
		};
		77F01D8028D2CBF900B7BD04 /* Build configuration list for PBXNativeTarget "FlixUITests" */ = {
			isa = XCConfigurationList;
			buildConfigurations = (
				77F01D8128D2CBF900B7BD04 /* Debug */,
				77F01D8228D2CBF900B7BD04 /* Release */,
			);
			defaultConfigurationIsVisible = 0;
			defaultConfigurationName = Release;
		};
/* End XCConfigurationList section */

/* Begin XCRemoteSwiftPackageReference section */
		7778B64A28D2F26A00D596DE /* XCRemoteSwiftPackageReference "AlamofireImage" */ = {
			isa = XCRemoteSwiftPackageReference;
			repositoryURL = "https://github.com/Alamofire/AlamofireImage";
			requirement = {
				kind = upToNextMajorVersion;
				minimumVersion = 4.0.0;
			};
		};
/* End XCRemoteSwiftPackageReference section */

/* Begin XCSwiftPackageProductDependency section */
		7778B64B28D2F26A00D596DE /* AlamofireImage */ = {
			isa = XCSwiftPackageProductDependency;
			package = 7778B64A28D2F26A00D596DE /* XCRemoteSwiftPackageReference "AlamofireImage" */;
			productName = AlamofireImage;
		};
/* End XCSwiftPackageProductDependency section */
	};
	rootObject = 77F01D4828D2CBF900B7BD04 /* Project object */;
}
